{
  "name": "new_hw5",
  "lockfileVersion": 3,
  "requires": true,
  "packages": {
    "": {
      "dependencies": {
        "lang-detector": "^1.0.6"
      }
    },
    "node_modules/lang-detector": {
      "version": "1.0.6",
      "resolved": "https://registry.npmjs.org/lang-detector/-/lang-detector-1.0.6.tgz",
      "integrity": "sha512-YRt/OzgBlrCf8AGiFLWXuqbvEuOI9xHJQe73iKRGGfOZrylDyBAMUWWhWwVdCQxxX0yN5V52PDypqXnlVb4C/w==",
      "dependencies": {
        "underscore": "^1.8.2"
      }
    },
    "node_modules/underscore": {
      "version": "1.13.6",
      "resolved": "https://registry.npmjs.org/underscore/-/underscore-1.13.6.tgz",
      "integrity": "sha512-+A5Sja4HP1M08MaXya7p5LvjuM7K6q/2EaC0+iovj/wOcMsTzMvDFbasi/oSapiwOlt252IqsKqPjCl7huKS0A=="
    }
  }
}
